GEM
  remote: https://rubygems.org/
  specs:
    actionview (7.1.0)
      activesupport (>= 7.0)
    activesupport (7.1.0)
      concurrent-ruby (~> 1.1)
    concurrent-ruby (1.2.2)
    rack (2.2.8)
    railties (7.1.0)
      actionpack (>= 7.0)
    rake (1.0.0)
    rspec (1.0.0)
      rspec-core (>= 3.12)
      rspec-expectations (>= 3.12)
    rspec-core (3.12.0)
      rspec-support (~> 3.12)
    rspec-expectations (3.12.0)
      rspec-support (~> 3.12)
    rspec-support (3.12.0)

PLATFORMS
  ruby

DEPENDENCIES
  rake (1.0.0)
  rspec (1.0.0)

BUNDLED WITH
   2.4.0
